{
  "name": "tensorbuzz-builder",
  "lockfileVersion": 3,
  "requires": true,
  "packages": {
    "": {
      "name": "tensorbuzz-builder",
      "devDependencies": {
        "@velocious/testing": "0.0.14"
      }
    },
    "node_modules/@velocious/testing": {
      "version": "0.0.14",
      "resolved": "https://registry.npmjs.org/@velocious/testing/-/testing-0.0.14.tgz",
      "integrity": "sha512-os1dV9P3sxvIrqn/QDPs8uDOHBxnIWd0puUcO3eaWAwzDJEH55PWsvH7Q0yW3WgkuCeeELPA11xPGtcm+BNu7w==",
      "dev": true,
      "license": "MIT",
      "bin": {
        "velocious-test": "build/node/cli.js"
      },
      "engines": {
        "node": ">=20"
      }
    }
  }
}
